
Microsoft Visual Studio Solution File, Format Version 12.00
# Visual Studio 15
VisualStudioVersion = 15.0.28010.2046
MinimumVisualStudioVersion = 10.0.40219.1
Project("{FAE04EC0-301F-11D3-BF4B-00C04F79EFBC}") = "AppSimple", "AppSimple\AppSimple.csproj", "{56623EF2-4D47-406C-8EE6-3890C2258387}"
EndProject
Global
	GlobalSection(SolutionConfigurationPlatforms) = preSolution
		Debug|Any CPU = Debug|Any CPU
		Release|Any CPU = Release|Any CPU
	EndGlobalSection
	GlobalSection(ProjectConfigurationPlatforms) = postSolution
		{56623EF2-4D47-406C-8EE6-3890C2258387}.Debug|Any CPU.ActiveCfg = Debug|Any CPU
		{56623EF2-4D47-406C-8EE6-3890C2258387}.Debug|Any CPU.Build.0 = Debug|Any CPU
		{56623EF2-4D47-406C-8EE6-3890C2258387}.Release|Any CPU.ActiveCfg = Release|Any CPU
		{56623EF2-4D47-406C-8EE6-3890C2258387}.Release|Any CPU.Build.0 = Release|Any CPU
	EndGlobalSection
	GlobalSection(SolutionProperties) = preSolution
		HideSolutionNode = FALSE
	EndGlobalSection
	GlobalSection(ExtensibilityGlobals) = postSolution
		SolutionGuid = {A28D28D1-7C14-4FC2-9749-D9DC5C184C0D}
	EndGlobalSection
EndGlobal
