
Microsoft Visual Studio Solution File, Format Version 12.00
# Visual Studio 15
VisualStudioVersion = 15.0.28010.2046
MinimumVisualStudioVersion = 10.0.40219.1
Project("{FAE04EC0-301F-11D3-BF4B-00C04F79EFBC}") = "AppSimple", "AppSimple\AppSimple.csproj", "{56623EF2-4D47-406C-8EE6-3890C2258387}"
EndProject
Project("{FAE04EC0-301F-11D3-BF4B-00C04F79EFBC}") = "AppSimple.BO", "appSimple.BO\AppSimple.BO.csproj", "{BA1D5D76-EF1C-4479-9DC4-918EE6300726}"
EndProject
Project("{FAE04EC0-301F-11D3-BF4B-00C04F79EFBC}") = "AppSimple.DAL", "AppSimple.DAL\AppSimple.DAL.csproj", "{A0303A36-601E-41F7-979F-D09E8D4A5393}"
EndProject
Project("{FAE04EC0-301F-11D3-BF4B-00C04F79EFBC}") = "WPFChat", "WPFChat\WPFChat.csproj", "{98C05FEA-F7BA-4ECD-8EAA-EEC308D31DB0}"
EndProject
Project("{FAE04EC0-301F-11D3-BF4B-00C04F79EFBC}") = "AppGrid", "AppGrid\AppGrid.csproj", "{806DD52D-E435-4A57-A476-DA49819F4829}"
EndProject
Project("{FAE04EC0-301F-11D3-BF4B-00C04F79EFBC}") = "WPFMyGrid", "WPFMyGrid\WPFMyGrid.csproj", "{5F1DCEE2-71DD-43B1-9F5C-1BEC3E7C2123}"
EndProject
Project("{FAE04EC0-301F-11D3-BF4B-00C04F79EFBC}") = "WpfResources", "WpfResources\WpfResources.csproj", "{5674715B-7FC5-4F49-A0B6-39A4E0DA240C}"
EndProject
Project("{FAE04EC0-301F-11D3-BF4B-00C04F79EFBC}") = "WpfSignalRAndChat", "WpfSignalRAndChat\WpfSignalRAndChat.csproj", "{E45DED4C-2784-4D09-8D2B-52098F2F4C7A}"
EndProject
Project("{FAE04EC0-301F-11D3-BF4B-00C04F79EFBC}") = "WpfChatServer", "WpfChatServer\WpfChatServer.csproj", "{E94D943F-3EC3-4551-A7A8-5FAE468302BF}"
EndProject
Global
	GlobalSection(SolutionConfigurationPlatforms) = preSolution
		Debug|Any CPU = Debug|Any CPU
		Debug|ARM = Debug|ARM
		Debug|x64 = Debug|x64
		Debug|x86 = Debug|x86
		Release|Any CPU = Release|Any CPU
		Release|ARM = Release|ARM
		Release|x64 = Release|x64
		Release|x86 = Release|x86
	EndGlobalSection
	GlobalSection(ProjectConfigurationPlatforms) = postSolution
		{56623EF2-4D47-406C-8EE6-3890C2258387}.Debug|Any CPU.ActiveCfg = Debug|Any CPU
		{56623EF2-4D47-406C-8EE6-3890C2258387}.Debug|Any CPU.Build.0 = Debug|Any CPU
		{56623EF2-4D47-406C-8EE6-3890C2258387}.Debug|ARM.ActiveCfg = Debug|Any CPU
		{56623EF2-4D47-406C-8EE6-3890C2258387}.Debug|ARM.Build.0 = Debug|Any CPU
		{56623EF2-4D47-406C-8EE6-3890C2258387}.Debug|x64.ActiveCfg = Debug|Any CPU
		{56623EF2-4D47-406C-8EE6-3890C2258387}.Debug|x64.Build.0 = Debug|Any CPU
		{56623EF2-4D47-406C-8EE6-3890C2258387}.Debug|x86.ActiveCfg = Debug|Any CPU
		{56623EF2-4D47-406C-8EE6-3890C2258387}.Debug|x86.Build.0 = Debug|Any CPU
		{56623EF2-4D47-406C-8EE6-3890C2258387}.Release|Any CPU.ActiveCfg = Release|Any CPU
		{56623EF2-4D47-406C-8EE6-3890C2258387}.Release|Any CPU.Build.0 = Release|Any CPU
		{56623EF2-4D47-406C-8EE6-3890C2258387}.Release|ARM.ActiveCfg = Release|Any CPU
		{56623EF2-4D47-406C-8EE6-3890C2258387}.Release|ARM.Build.0 = Release|Any CPU
		{56623EF2-4D47-406C-8EE6-3890C2258387}.Release|x64.ActiveCfg = Release|Any CPU
		{56623EF2-4D47-406C-8EE6-3890C2258387}.Release|x64.Build.0 = Release|Any CPU
		{56623EF2-4D47-406C-8EE6-3890C2258387}.Release|x86.ActiveCfg = Release|Any CPU
		{56623EF2-4D47-406C-8EE6-3890C2258387}.Release|x86.Build.0 = Release|Any CPU
		{BA1D5D76-EF1C-4479-9DC4-918EE6300726}.Debug|Any CPU.ActiveCfg = Debug|Any CPU
		{BA1D5D76-EF1C-4479-9DC4-918EE6300726}.Debug|Any CPU.Build.0 = Debug|Any CPU
		{BA1D5D76-EF1C-4479-9DC4-918EE6300726}.Debug|ARM.ActiveCfg = Debug|Any CPU
		{BA1D5D76-EF1C-4479-9DC4-918EE6300726}.Debug|ARM.Build.0 = Debug|Any CPU
		{BA1D5D76-EF1C-4479-9DC4-918EE6300726}.Debug|x64.ActiveCfg = Debug|Any CPU
		{BA1D5D76-EF1C-4479-9DC4-918EE6300726}.Debug|x64.Build.0 = Debug|Any CPU
		{BA1D5D76-EF1C-4479-9DC4-918EE6300726}.Debug|x86.ActiveCfg = Debug|Any CPU
		{BA1D5D76-EF1C-4479-9DC4-918EE6300726}.Debug|x86.Build.0 = Debug|Any CPU
		{BA1D5D76-EF1C-4479-9DC4-918EE6300726}.Release|Any CPU.ActiveCfg = Release|Any CPU
		{BA1D5D76-EF1C-4479-9DC4-918EE6300726}.Release|Any CPU.Build.0 = Release|Any CPU
		{BA1D5D76-EF1C-4479-9DC4-918EE6300726}.Release|ARM.ActiveCfg = Release|Any CPU
		{BA1D5D76-EF1C-4479-9DC4-918EE6300726}.Release|ARM.Build.0 = Release|Any CPU
		{BA1D5D76-EF1C-4479-9DC4-918EE6300726}.Release|x64.ActiveCfg = Release|Any CPU
		{BA1D5D76-EF1C-4479-9DC4-918EE6300726}.Release|x64.Build.0 = Release|Any CPU
		{BA1D5D76-EF1C-4479-9DC4-918EE6300726}.Release|x86.ActiveCfg = Release|Any CPU
		{BA1D5D76-EF1C-4479-9DC4-918EE6300726}.Release|x86.Build.0 = Release|Any CPU
		{A0303A36-601E-41F7-979F-D09E8D4A5393}.Debug|Any CPU.ActiveCfg = Debug|Any CPU
		{A0303A36-601E-41F7-979F-D09E8D4A5393}.Debug|Any CPU.Build.0 = Debug|Any CPU
		{A0303A36-601E-41F7-979F-D09E8D4A5393}.Debug|ARM.ActiveCfg = Debug|Any CPU
		{A0303A36-601E-41F7-979F-D09E8D4A5393}.Debug|ARM.Build.0 = Debug|Any CPU
		{A0303A36-601E-41F7-979F-D09E8D4A5393}.Debug|x64.ActiveCfg = Debug|Any CPU
		{A0303A36-601E-41F7-979F-D09E8D4A5393}.Debug|x64.Build.0 = Debug|Any CPU
		{A0303A36-601E-41F7-979F-D09E8D4A5393}.Debug|x86.ActiveCfg = Debug|Any CPU
		{A0303A36-601E-41F7-979F-D09E8D4A5393}.Debug|x86.Build.0 = Debug|Any CPU
		{A0303A36-601E-41F7-979F-D09E8D4A5393}.Release|Any CPU.ActiveCfg = Release|Any CPU
		{A0303A36-601E-41F7-979F-D09E8D4A5393}.Release|Any CPU.Build.0 = Release|Any CPU
		{A0303A36-601E-41F7-979F-D09E8D4A5393}.Release|ARM.ActiveCfg = Release|Any CPU
		{A0303A36-601E-41F7-979F-D09E8D4A5393}.Release|ARM.Build.0 = Release|Any CPU
		{A0303A36-601E-41F7-979F-D09E8D4A5393}.Release|x64.ActiveCfg = Release|Any CPU
		{A0303A36-601E-41F7-979F-D09E8D4A5393}.Release|x64.Build.0 = Release|Any CPU
		{A0303A36-601E-41F7-979F-D09E8D4A5393}.Release|x86.ActiveCfg = Release|Any CPU
		{A0303A36-601E-41F7-979F-D09E8D4A5393}.Release|x86.Build.0 = Release|Any CPU
		{98C05FEA-F7BA-4ECD-8EAA-EEC308D31DB0}.Debug|Any CPU.ActiveCfg = Debug|Any CPU
		{98C05FEA-F7BA-4ECD-8EAA-EEC308D31DB0}.Debug|Any CPU.Build.0 = Debug|Any CPU
		{98C05FEA-F7BA-4ECD-8EAA-EEC308D31DB0}.Debug|ARM.ActiveCfg = Debug|Any CPU
		{98C05FEA-F7BA-4ECD-8EAA-EEC308D31DB0}.Debug|ARM.Build.0 = Debug|Any CPU
		{98C05FEA-F7BA-4ECD-8EAA-EEC308D31DB0}.Debug|x64.ActiveCfg = Debug|Any CPU
		{98C05FEA-F7BA-4ECD-8EAA-EEC308D31DB0}.Debug|x64.Build.0 = Debug|Any CPU
		{98C05FEA-F7BA-4ECD-8EAA-EEC308D31DB0}.Debug|x86.ActiveCfg = Debug|Any CPU
		{98C05FEA-F7BA-4ECD-8EAA-EEC308D31DB0}.Debug|x86.Build.0 = Debug|Any CPU
		{98C05FEA-F7BA-4ECD-8EAA-EEC308D31DB0}.Release|Any CPU.ActiveCfg = Release|Any CPU
		{98C05FEA-F7BA-4ECD-8EAA-EEC308D31DB0}.Release|Any CPU.Build.0 = Release|Any CPU
		{98C05FEA-F7BA-4ECD-8EAA-EEC308D31DB0}.Release|ARM.ActiveCfg = Release|Any CPU
		{98C05FEA-F7BA-4ECD-8EAA-EEC308D31DB0}.Release|ARM.Build.0 = Release|Any CPU
		{98C05FEA-F7BA-4ECD-8EAA-EEC308D31DB0}.Release|x64.ActiveCfg = Release|Any CPU
		{98C05FEA-F7BA-4ECD-8EAA-EEC308D31DB0}.Release|x64.Build.0 = Release|Any CPU
		{98C05FEA-F7BA-4ECD-8EAA-EEC308D31DB0}.Release|x86.ActiveCfg = Release|Any CPU
		{98C05FEA-F7BA-4ECD-8EAA-EEC308D31DB0}.Release|x86.Build.0 = Release|Any CPU
		{806DD52D-E435-4A57-A476-DA49819F4829}.Debug|Any CPU.ActiveCfg = Debug|x86
		{806DD52D-E435-4A57-A476-DA49819F4829}.Debug|ARM.ActiveCfg = Debug|ARM
		{806DD52D-E435-4A57-A476-DA49819F4829}.Debug|ARM.Build.0 = Debug|ARM
		{806DD52D-E435-4A57-A476-DA49819F4829}.Debug|ARM.Deploy.0 = Debug|ARM
		{806DD52D-E435-4A57-A476-DA49819F4829}.Debug|x64.ActiveCfg = Debug|x64
		{806DD52D-E435-4A57-A476-DA49819F4829}.Debug|x64.Build.0 = Debug|x64
		{806DD52D-E435-4A57-A476-DA49819F4829}.Debug|x64.Deploy.0 = Debug|x64
		{806DD52D-E435-4A57-A476-DA49819F4829}.Debug|x86.ActiveCfg = Debug|x86
		{806DD52D-E435-4A57-A476-DA49819F4829}.Debug|x86.Build.0 = Debug|x86
		{806DD52D-E435-4A57-A476-DA49819F4829}.Debug|x86.Deploy.0 = Debug|x86
		{806DD52D-E435-4A57-A476-DA49819F4829}.Release|Any CPU.ActiveCfg = Release|x86
		{806DD52D-E435-4A57-A476-DA49819F4829}.Release|ARM.ActiveCfg = Release|ARM
		{806DD52D-E435-4A57-A476-DA49819F4829}.Release|ARM.Build.0 = Release|ARM
		{806DD52D-E435-4A57-A476-DA49819F4829}.Release|ARM.Deploy.0 = Release|ARM
		{806DD52D-E435-4A57-A476-DA49819F4829}.Release|x64.ActiveCfg = Release|x64
		{806DD52D-E435-4A57-A476-DA49819F4829}.Release|x64.Build.0 = Release|x64
		{806DD52D-E435-4A57-A476-DA49819F4829}.Release|x64.Deploy.0 = Release|x64
		{806DD52D-E435-4A57-A476-DA49819F4829}.Release|x86.ActiveCfg = Release|x86
		{806DD52D-E435-4A57-A476-DA49819F4829}.Release|x86.Build.0 = Release|x86
		{806DD52D-E435-4A57-A476-DA49819F4829}.Release|x86.Deploy.0 = Release|x86
		{5F1DCEE2-71DD-43B1-9F5C-1BEC3E7C2123}.Debug|Any CPU.ActiveCfg = Debug|Any CPU
		{5F1DCEE2-71DD-43B1-9F5C-1BEC3E7C2123}.Debug|Any CPU.Build.0 = Debug|Any CPU
		{5F1DCEE2-71DD-43B1-9F5C-1BEC3E7C2123}.Debug|ARM.ActiveCfg = Debug|Any CPU
		{5F1DCEE2-71DD-43B1-9F5C-1BEC3E7C2123}.Debug|ARM.Build.0 = Debug|Any CPU
		{5F1DCEE2-71DD-43B1-9F5C-1BEC3E7C2123}.Debug|x64.ActiveCfg = Debug|Any CPU
		{5F1DCEE2-71DD-43B1-9F5C-1BEC3E7C2123}.Debug|x64.Build.0 = Debug|Any CPU
		{5F1DCEE2-71DD-43B1-9F5C-1BEC3E7C2123}.Debug|x86.ActiveCfg = Debug|Any CPU
		{5F1DCEE2-71DD-43B1-9F5C-1BEC3E7C2123}.Debug|x86.Build.0 = Debug|Any CPU
		{5F1DCEE2-71DD-43B1-9F5C-1BEC3E7C2123}.Release|Any CPU.ActiveCfg = Release|Any CPU
		{5F1DCEE2-71DD-43B1-9F5C-1BEC3E7C2123}.Release|Any CPU.Build.0 = Release|Any CPU
		{5F1DCEE2-71DD-43B1-9F5C-1BEC3E7C2123}.Release|ARM.ActiveCfg = Release|Any CPU
		{5F1DCEE2-71DD-43B1-9F5C-1BEC3E7C2123}.Release|ARM.Build.0 = Release|Any CPU
		{5F1DCEE2-71DD-43B1-9F5C-1BEC3E7C2123}.Release|x64.ActiveCfg = Release|Any CPU
		{5F1DCEE2-71DD-43B1-9F5C-1BEC3E7C2123}.Release|x64.Build.0 = Release|Any CPU
		{5F1DCEE2-71DD-43B1-9F5C-1BEC3E7C2123}.Release|x86.ActiveCfg = Release|Any CPU
		{5F1DCEE2-71DD-43B1-9F5C-1BEC3E7C2123}.Release|x86.Build.0 = Release|Any CPU
		{5674715B-7FC5-4F49-A0B6-39A4E0DA240C}.Debug|Any CPU.ActiveCfg = Debug|Any CPU
		{5674715B-7FC5-4F49-A0B6-39A4E0DA240C}.Debug|Any CPU.Build.0 = Debug|Any CPU
		{5674715B-7FC5-4F49-A0B6-39A4E0DA240C}.Debug|ARM.ActiveCfg = Debug|Any CPU
		{5674715B-7FC5-4F49-A0B6-39A4E0DA240C}.Debug|ARM.Build.0 = Debug|Any CPU
		{5674715B-7FC5-4F49-A0B6-39A4E0DA240C}.Debug|x64.ActiveCfg = Debug|Any CPU
		{5674715B-7FC5-4F49-A0B6-39A4E0DA240C}.Debug|x64.Build.0 = Debug|Any CPU
		{5674715B-7FC5-4F49-A0B6-39A4E0DA240C}.Debug|x86.ActiveCfg = Debug|Any CPU
		{5674715B-7FC5-4F49-A0B6-39A4E0DA240C}.Debug|x86.Build.0 = Debug|Any CPU
		{5674715B-7FC5-4F49-A0B6-39A4E0DA240C}.Release|Any CPU.ActiveCfg = Release|Any CPU
		{5674715B-7FC5-4F49-A0B6-39A4E0DA240C}.Release|Any CPU.Build.0 = Release|Any CPU
		{5674715B-7FC5-4F49-A0B6-39A4E0DA240C}.Release|ARM.ActiveCfg = Release|Any CPU
		{5674715B-7FC5-4F49-A0B6-39A4E0DA240C}.Release|ARM.Build.0 = Release|Any CPU
		{5674715B-7FC5-4F49-A0B6-39A4E0DA240C}.Release|x64.ActiveCfg = Release|Any CPU
		{5674715B-7FC5-4F49-A0B6-39A4E0DA240C}.Release|x64.Build.0 = Release|Any CPU
		{5674715B-7FC5-4F49-A0B6-39A4E0DA240C}.Release|x86.ActiveCfg = Release|Any CPU
		{5674715B-7FC5-4F49-A0B6-39A4E0DA240C}.Release|x86.Build.0 = Release|Any CPU
		{E45DED4C-2784-4D09-8D2B-52098F2F4C7A}.Debug|Any CPU.ActiveCfg = Debug|Any CPU
		{E45DED4C-2784-4D09-8D2B-52098F2F4C7A}.Debug|Any CPU.Build.0 = Debug|Any CPU
		{E45DED4C-2784-4D09-8D2B-52098F2F4C7A}.Debug|ARM.ActiveCfg = Debug|Any CPU
		{E45DED4C-2784-4D09-8D2B-52098F2F4C7A}.Debug|ARM.Build.0 = Debug|Any CPU
		{E45DED4C-2784-4D09-8D2B-52098F2F4C7A}.Debug|x64.ActiveCfg = Debug|Any CPU
		{E45DED4C-2784-4D09-8D2B-52098F2F4C7A}.Debug|x64.Build.0 = Debug|Any CPU
		{E45DED4C-2784-4D09-8D2B-52098F2F4C7A}.Debug|x86.ActiveCfg = Debug|Any CPU
		{E45DED4C-2784-4D09-8D2B-52098F2F4C7A}.Debug|x86.Build.0 = Debug|Any CPU
		{E45DED4C-2784-4D09-8D2B-52098F2F4C7A}.Release|Any CPU.ActiveCfg = Release|Any CPU
		{E45DED4C-2784-4D09-8D2B-52098F2F4C7A}.Release|Any CPU.Build.0 = Release|Any CPU
		{E45DED4C-2784-4D09-8D2B-52098F2F4C7A}.Release|ARM.ActiveCfg = Release|Any CPU
		{E45DED4C-2784-4D09-8D2B-52098F2F4C7A}.Release|ARM.Build.0 = Release|Any CPU
		{E45DED4C-2784-4D09-8D2B-52098F2F4C7A}.Release|x64.ActiveCfg = Release|Any CPU
		{E45DED4C-2784-4D09-8D2B-52098F2F4C7A}.Release|x64.Build.0 = Release|Any CPU
		{E45DED4C-2784-4D09-8D2B-52098F2F4C7A}.Release|x86.ActiveCfg = Release|Any CPU
		{E45DED4C-2784-4D09-8D2B-52098F2F4C7A}.Release|x86.Build.0 = Release|Any CPU
		{E94D943F-3EC3-4551-A7A8-5FAE468302BF}.Debug|Any CPU.ActiveCfg = Debug|Any CPU
		{E94D943F-3EC3-4551-A7A8-5FAE468302BF}.Debug|Any CPU.Build.0 = Debug|Any CPU
		{E94D943F-3EC3-4551-A7A8-5FAE468302BF}.Debug|ARM.ActiveCfg = Debug|Any CPU
		{E94D943F-3EC3-4551-A7A8-5FAE468302BF}.Debug|ARM.Build.0 = Debug|Any CPU
		{E94D943F-3EC3-4551-A7A8-5FAE468302BF}.Debug|x64.ActiveCfg = Debug|Any CPU
		{E94D943F-3EC3-4551-A7A8-5FAE468302BF}.Debug|x64.Build.0 = Debug|Any CPU
		{E94D943F-3EC3-4551-A7A8-5FAE468302BF}.Debug|x86.ActiveCfg = Debug|Any CPU
		{E94D943F-3EC3-4551-A7A8-5FAE468302BF}.Debug|x86.Build.0 = Debug|Any CPU
		{E94D943F-3EC3-4551-A7A8-5FAE468302BF}.Release|Any CPU.ActiveCfg = Release|Any CPU
		{E94D943F-3EC3-4551-A7A8-5FAE468302BF}.Release|Any CPU.Build.0 = Release|Any CPU
		{E94D943F-3EC3-4551-A7A8-5FAE468302BF}.Release|ARM.ActiveCfg = Release|Any CPU
		{E94D943F-3EC3-4551-A7A8-5FAE468302BF}.Release|ARM.Build.0 = Release|Any CPU
		{E94D943F-3EC3-4551-A7A8-5FAE468302BF}.Release|x64.ActiveCfg = Release|Any CPU
		{E94D943F-3EC3-4551-A7A8-5FAE468302BF}.Release|x64.Build.0 = Release|Any CPU
		{E94D943F-3EC3-4551-A7A8-5FAE468302BF}.Release|x86.ActiveCfg = Release|Any CPU
		{E94D943F-3EC3-4551-A7A8-5FAE468302BF}.Release|x86.Build.0 = Release|Any CPU
	EndGlobalSection
	GlobalSection(SolutionProperties) = preSolution
		HideSolutionNode = FALSE
	EndGlobalSection
	GlobalSection(ExtensibilityGlobals) = postSolution
		SolutionGuid = {A28D28D1-7C14-4FC2-9749-D9DC5C184C0D}
	EndGlobalSection
EndGlobal
